
Microsoft Visual Studio Solution File, Format Version 12.00
# Visual Studio 14
VisualStudioVersion = 14.0.25420.1
MinimumVisualStudioVersion = 10.0.40219.1
Project("{2150E333-8FDC-42A3-9474-1A3956D46DE8}") = "Library", "Library", "{6169AF0A-0F85-4F2D-BC72-B0E88A859F5B}"
EndProject
Project("{FAE04EC0-301F-11D3-BF4B-00C04F79EFBC}") = "Nistec.Cache.Agent", "MCache.Agent\Nistec.Cache.Agent.csproj", "{68B39437-C795-4B1D-938C-CDA5AD79FF07}"
EndProject
Project("{FAE04EC0-301F-11D3-BF4B-00C04F79EFBC}") = "Nistec.Cache", "MCache.Lib\Nistec.Cache.csproj", "{EFA331B8-D990-4A1F-AB55-1934831F9D98}"
EndProject
Project("{FAE04EC0-301F-11D3-BF4B-00C04F79EFBC}") = "MCacheConsole", "CacheCommand\MCacheConsole.csproj", "{7A6A2707-3CEB-4992-BA04-5B0937E5A263}"
EndProject
Project("{FAE04EC0-301F-11D3-BF4B-00C04F79EFBC}") = "MCacheDemo", "CacheDemo\MCacheDemo.csproj", "{45EB2F6F-9EAD-430B-8776-C60932423B7F}"
EndProject
Project("{FAE04EC0-301F-11D3-BF4B-00C04F79EFBC}") = "Nistec.Cache.Controller", "MCacheServiceController\Nistec.Cache.Controller.csproj", "{0FD2097A-D345-45A9-9592-162516FDD974}"
EndProject
Project("{FAE04EC0-301F-11D3-BF4B-00C04F79EFBC}") = "Nistec.Lib", "..\Nistec.Lib\Nistec.Lib.csproj", "{54F52ED5-AECD-47C6-93D8-7B3358BA7F8C}"
EndProject
Project("{FAE04EC0-301F-11D3-BF4B-00C04F79EFBC}") = "Nistec.Logger", "..\Nistec.Logger\Nistec.Logger.csproj", "{E510DD2C-859C-476C-9901-60EDFC5E71F1}"
EndProject
Project("{FAE04EC0-301F-11D3-BF4B-00C04F79EFBC}") = "Nistec.Channels", "..\Nistec.Channels\Nistec.Channels\Nistec.Channels.csproj", "{0839A364-A34D-4143-AD4C-AEF4C7B232AC}"
EndProject
Project("{FAE04EC0-301F-11D3-BF4B-00C04F79EFBC}") = "Nistec.Data", "..\Nistec.Data\Nistec.Data\Nistec.Data.csproj", "{D5FD6C68-86EA-48BF-8F6D-29CE57419500}"
EndProject
Project("{FAE04EC0-301F-11D3-BF4B-00C04F79EFBC}") = "Nistec.Cache.UI", "MCache.UI\Nistec.Cache.UI.csproj", "{E688DA05-B45D-4A5A-832E-131808928378}"
EndProject
Global
	GlobalSection(SolutionConfigurationPlatforms) = preSolution
		Debug|Any CPU = Debug|Any CPU
		Release|Any CPU = Release|Any CPU
	EndGlobalSection
	GlobalSection(ProjectConfigurationPlatforms) = postSolution
		{68B39437-C795-4B1D-938C-CDA5AD79FF07}.Debug|Any CPU.ActiveCfg = Debug|Any CPU
		{68B39437-C795-4B1D-938C-CDA5AD79FF07}.Debug|Any CPU.Build.0 = Debug|Any CPU
		{68B39437-C795-4B1D-938C-CDA5AD79FF07}.Release|Any CPU.ActiveCfg = Release|Any CPU
		{68B39437-C795-4B1D-938C-CDA5AD79FF07}.Release|Any CPU.Build.0 = Release|Any CPU
		{EFA331B8-D990-4A1F-AB55-1934831F9D98}.Debug|Any CPU.ActiveCfg = Debug|Any CPU
		{EFA331B8-D990-4A1F-AB55-1934831F9D98}.Debug|Any CPU.Build.0 = Debug|Any CPU
		{EFA331B8-D990-4A1F-AB55-1934831F9D98}.Release|Any CPU.ActiveCfg = Release|Any CPU
		{EFA331B8-D990-4A1F-AB55-1934831F9D98}.Release|Any CPU.Build.0 = Release|Any CPU
		{7A6A2707-3CEB-4992-BA04-5B0937E5A263}.Debug|Any CPU.ActiveCfg = Debug|Any CPU
		{7A6A2707-3CEB-4992-BA04-5B0937E5A263}.Debug|Any CPU.Build.0 = Debug|Any CPU
		{7A6A2707-3CEB-4992-BA04-5B0937E5A263}.Release|Any CPU.ActiveCfg = Release|Any CPU
		{7A6A2707-3CEB-4992-BA04-5B0937E5A263}.Release|Any CPU.Build.0 = Release|Any CPU
		{45EB2F6F-9EAD-430B-8776-C60932423B7F}.Debug|Any CPU.ActiveCfg = Debug|Any CPU
		{45EB2F6F-9EAD-430B-8776-C60932423B7F}.Debug|Any CPU.Build.0 = Debug|Any CPU
		{45EB2F6F-9EAD-430B-8776-C60932423B7F}.Release|Any CPU.ActiveCfg = Release|Any CPU
		{45EB2F6F-9EAD-430B-8776-C60932423B7F}.Release|Any CPU.Build.0 = Release|Any CPU
		{0FD2097A-D345-45A9-9592-162516FDD974}.Debug|Any CPU.ActiveCfg = Debug|Any CPU
		{0FD2097A-D345-45A9-9592-162516FDD974}.Debug|Any CPU.Build.0 = Debug|Any CPU
		{0FD2097A-D345-45A9-9592-162516FDD974}.Release|Any CPU.ActiveCfg = Release|Any CPU
		{0FD2097A-D345-45A9-9592-162516FDD974}.Release|Any CPU.Build.0 = Release|Any CPU
		{54F52ED5-AECD-47C6-93D8-7B3358BA7F8C}.Debug|Any CPU.ActiveCfg = Debug|Any CPU
		{54F52ED5-AECD-47C6-93D8-7B3358BA7F8C}.Debug|Any CPU.Build.0 = Debug|Any CPU
		{54F52ED5-AECD-47C6-93D8-7B3358BA7F8C}.Release|Any CPU.ActiveCfg = Release|Any CPU
		{54F52ED5-AECD-47C6-93D8-7B3358BA7F8C}.Release|Any CPU.Build.0 = Release|Any CPU
		{E510DD2C-859C-476C-9901-60EDFC5E71F1}.Debug|Any CPU.ActiveCfg = Debug|Any CPU
		{E510DD2C-859C-476C-9901-60EDFC5E71F1}.Debug|Any CPU.Build.0 = Debug|Any CPU
		{E510DD2C-859C-476C-9901-60EDFC5E71F1}.Release|Any CPU.ActiveCfg = Release|Any CPU
		{E510DD2C-859C-476C-9901-60EDFC5E71F1}.Release|Any CPU.Build.0 = Release|Any CPU
		{0839A364-A34D-4143-AD4C-AEF4C7B232AC}.Debug|Any CPU.ActiveCfg = Debug|Any CPU
		{0839A364-A34D-4143-AD4C-AEF4C7B232AC}.Debug|Any CPU.Build.0 = Debug|Any CPU
		{0839A364-A34D-4143-AD4C-AEF4C7B232AC}.Release|Any CPU.ActiveCfg = Release|Any CPU
		{0839A364-A34D-4143-AD4C-AEF4C7B232AC}.Release|Any CPU.Build.0 = Release|Any CPU
		{D5FD6C68-86EA-48BF-8F6D-29CE57419500}.Debug|Any CPU.ActiveCfg = Debug|Any CPU
		{D5FD6C68-86EA-48BF-8F6D-29CE57419500}.Debug|Any CPU.Build.0 = Debug|Any CPU
		{D5FD6C68-86EA-48BF-8F6D-29CE57419500}.Release|Any CPU.ActiveCfg = Release|Any CPU
		{D5FD6C68-86EA-48BF-8F6D-29CE57419500}.Release|Any CPU.Build.0 = Release|Any CPU
		{E688DA05-B45D-4A5A-832E-131808928378}.Debug|Any CPU.ActiveCfg = Debug|Any CPU
		{E688DA05-B45D-4A5A-832E-131808928378}.Debug|Any CPU.Build.0 = Debug|Any CPU
		{E688DA05-B45D-4A5A-832E-131808928378}.Release|Any CPU.ActiveCfg = Release|Any CPU
		{E688DA05-B45D-4A5A-832E-131808928378}.Release|Any CPU.Build.0 = Release|Any CPU
	EndGlobalSection
	GlobalSection(SolutionProperties) = preSolution
		HideSolutionNode = FALSE
	EndGlobalSection
	GlobalSection(NestedProjects) = preSolution
		{54F52ED5-AECD-47C6-93D8-7B3358BA7F8C} = {6169AF0A-0F85-4F2D-BC72-B0E88A859F5B}
		{E510DD2C-859C-476C-9901-60EDFC5E71F1} = {6169AF0A-0F85-4F2D-BC72-B0E88A859F5B}
		{0839A364-A34D-4143-AD4C-AEF4C7B232AC} = {6169AF0A-0F85-4F2D-BC72-B0E88A859F5B}
		{D5FD6C68-86EA-48BF-8F6D-29CE57419500} = {6169AF0A-0F85-4F2D-BC72-B0E88A859F5B}
	EndGlobalSection
EndGlobal
